Microsoft Visual Studio Solution File, Format Version 12.00
# Visual Studio 14
VisualStudioVersion = 14.0.23107.0
MinimumVisualStudioVersion = 10.0.40219.1
Project("{8BC9CEB8-8B4A-11D0-8D11-00A0C91BC942}") = "text-buddy-console", "text-buddy-console\text-buddy-console.vcxproj", "{14EA8F83-48F0-44F3-AC5D-38C95F4287C9}"
EndProject
Project("{8BC9CEB8-8B4A-11D0-8D11-00A0C91BC942}") = "text-buddy", "text-buddy\text-buddy.vcxproj", "{20F33B09-C7AB-49D8-85D2-3B581A85295C}"
EndProject
Global
	GlobalSection(SolutionConfigurationPlatforms) = preSolution
		Debug|x64 = Debug|x64
		Debug|x86 = Debug|x86
		Release|x64 = Release|x64
		Release|x86 = Release|x86
	EndGlobalSection
	GlobalSection(ProjectConfigurationPlatforms) = postSolution
		{14EA8F83-48F0-44F3-AC5D-38C95F4287C9}.Debug|x64.ActiveCfg = Debug|x64
		{14EA8F83-48F0-44F3-AC5D-38C95F4287C9}.Debug|x64.Build.0 = Debug|x64
		{14EA8F83-48F0-44F3-AC5D-38C95F4287C9}.Debug|x86.ActiveCfg = Debug|Win32
		{14EA8F83-48F0-44F3-AC5D-38C95F4287C9}.Debug|x86.Build.0 = Debug|Win32
		{14EA8F83-48F0-44F3-AC5D-38C95F4287C9}.Release|x64.ActiveCfg = Release|x64
		{14EA8F83-48F0-44F3-AC5D-38C95F4287C9}.Release|x64.Build.0 = Release|x64
		{14EA8F83-48F0-44F3-AC5D-38C95F4287C9}.Release|x86.ActiveCfg = Release|Win32
		{14EA8F83-48F0-44F3-AC5D-38C95F4287C9}.Release|x86.Build.0 = Release|Win32
		{20F33B09-C7AB-49D8-85D2-3B581A85295C}.Debug|x64.ActiveCfg = Debug|x64
		{20F33B09-C7AB-49D8-85D2-3B581A85295C}.Debug|x64.Build.0 = Debug|x64
		{20F33B09-C7AB-49D8-85D2-3B581A85295C}.Debug|x86.ActiveCfg = Debug|Win32
		{20F33B09-C7AB-49D8-85D2-3B581A85295C}.Debug|x86.Build.0 = Debug|Win32
		{20F33B09-C7AB-49D8-85D2-3B581A85295C}.Release|x64.ActiveCfg = Release|x64
		{20F33B09-C7AB-49D8-85D2-3B581A85295C}.Release|x64.Build.0 = Release|x64
		{20F33B09-C7AB-49D8-85D2-3B581A85295C}.Release|x86.ActiveCfg = Release|Win32
		{20F33B09-C7AB-49D8-85D2-3B581A85295C}.Release|x86.Build.0 = Release|Win32
	EndGlobalSection
	GlobalSection(SolutionProperties) = preSolution
		HideSolutionNode = FALSE
	EndGlobalSection
EndGlobal
